
Microsoft Visual Studio Solution File, Format Version 12.00
# Visual Studio Version 17
VisualStudioVersion = 17.11.35208.52
MinimumVisualStudioVersion = 10.0.40219.1
Project("{FAE04EC0-301F-11D3-BF4B-00C04F79EFBC}") = "Aplikasi list bilangan prima", "Aplikasi list bilangan prima\Aplikasi list bilangan prima.csproj", "{0082C9B3-05F8-421B-965D-4F5F7E551FE9}"
EndProject
Global
	GlobalSection(SolutionConfigurationPlatforms) = preSolution
		Debug|Any CPU = Debug|Any CPU
		Release|Any CPU = Release|Any CPU
	EndGlobalSection
	GlobalSection(ProjectConfigurationPlatforms) = postSolution
		{0082C9B3-05F8-421B-965D-4F5F7E551FE9}.Debug|Any CPU.ActiveCfg = Debug|Any CPU
		{0082C9B3-05F8-421B-965D-4F5F7E551FE9}.Debug|Any CPU.Build.0 = Debug|Any CPU
		{0082C9B3-05F8-421B-965D-4F5F7E551FE9}.Release|Any CPU.ActiveCfg = Release|Any CPU
		{0082C9B3-05F8-421B-965D-4F5F7E551FE9}.Release|Any CPU.Build.0 = Release|Any CPU
	EndGlobalSection
	GlobalSection(SolutionProperties) = preSolution
		HideSolutionNode = FALSE
	EndGlobalSection
	GlobalSection(ExtensibilityGlobals) = postSolution
		SolutionGuid = {1AD8889C-AB14-4A06-A5C1-6DD068D1EA31}
	EndGlobalSection
EndGlobal
